{
  "name": "ngx-bootstrap",
  "version": "12.0.0",
  "lockfileVersion": 3,
  "requires": true,
  "packages": {
    "": {
      "name": "ngx-bootstrap",
      "version": "12.0.0",
      "license": "MIT",
      "dependencies": {
        "tslib": "^2.3.0"
      },
      "peerDependencies": {
        "@angular/animations": "^18.0.1",
        "@angular/common": "^18.0.1",
        "@angular/core": "^18.0.1",
        "@angular/forms": "^18.0.1",
        "rxjs": "^6.5.3 || ^7.4.0"
      }
    },
    "node_modules/@angular/animations": {
      "version": "18.0.1",
      "resolved": "https://registry.npmjs.org/@angular/animations/-/animations-18.0.1.tgz",
      "integrity": "sha512-QAY/oxfuFY2Bjr3foniWlLAiddXHu8879lZvXHt1NVOsiav+vD15IEEQsnuQbJPy/EHEnAlUh9UptB4zQIBp/Q==",
      "peer": true,
      "dependencies": {
        "tslib": "^2.3.0"
      },
      "engines": {
        "node": "^18.13.0 || >=20.9.0"
      },
      "peerDependencies": {
        "@angular/core": "18.0.1"
      }
    },
    "node_modules/@angular/common": {
      "version": "18.0.1",
      "resolved": "https://registry.npmjs.org/@angular/common/-/common-18.0.1.tgz",
      "integrity": "sha512-iADQC5m4fvk+VNXEoU1KR93b0eG218/GuNdzUNVJHcjxdFxPshKk5fiaGSosUCxXPRQOxDKzmS9EDang87E/Ew==",
      "peer": true,
      "dependencies": {
        "tslib": "^2.3.0"
      },
      "engines": {
        "node": "^18.13.0 || >=20.9.0"
      },
      "peerDependencies": {
        "@angular/core": "18.0.1",
        "rxjs": "^6.5.3 || ^7.4.0"
      }
    },
    "node_modules/@angular/core": {
      "version": "18.0.1",
      "resolved": "https://registry.npmjs.org/@angular/core/-/core-18.0.1.tgz",
      "integrity": "sha512-Db1livvugoLdLsWww5IqUS5v+yUN7/5Rj0trZv9BgxIuoNtoipfLqKHwZWpumH3yI5Ucu+UH9zZ1mlGyF0Kexw==",
      "peer": true,
      "dependencies": {
        "tslib": "^2.3.0"
      },
      "engines": {
        "node": "^18.13.0 || >=20.9.0"
      },
      "peerDependencies": {
        "rxjs": "^6.5.3 || ^7.4.0",
        "zone.js": "~0.14.0"
      }
    },
    "node_modules/@angular/forms": {
      "version": "18.0.1",
      "resolved": "https://registry.npmjs.org/@angular/forms/-/forms-18.0.1.tgz",
      "integrity": "sha512-j1nUzwnZHO/BRXK0joQbAV10JWxeRVKmPzIaDulY2o28Er1jVKyw2T8EwI+xSvBbAqyJyaAd+ysWUhm3FfH+GA==",
      "peer": true,
      "dependencies": {
        "tslib": "^2.3.0"
      },
      "engines": {
        "node": "^18.13.0 || >=20.9.0"
      },
      "peerDependencies": {
        "@angular/common": "18.0.1",
        "@angular/core": "18.0.1",
        "@angular/platform-browser": "18.0.1",
        "rxjs": "^6.5.3 || ^7.4.0"
      }
    },
    "node_modules/@angular/platform-browser": {
      "version": "18.0.1",
      "resolved": "https://registry.npmjs.org/@angular/platform-browser/-/platform-browser-18.0.1.tgz",
      "integrity": "sha512-rQUsOxZxiwSPvyHdne60IKIGsvFoVc1rO4mDyXU+9sCCLmPKHzNyEzp7vybTZeiqa3k6v3sV/bfHWwrRzmvenw==",
      "peer": true,
      "dependencies": {
        "tslib": "^2.3.0"
      },
      "engines": {
        "node": "^18.13.0 || >=20.9.0"
      },
      "peerDependencies": {
        "@angular/animations": "18.0.1",
        "@angular/common": "18.0.1",
        "@angular/core": "18.0.1"
      },
      "peerDependenciesMeta": {
        "@angular/animations": {
          "optional": true
        }
      }
    },
    "node_modules/rxjs": {
      "version": "7.8.1",
      "resolved": "https://registry.npmjs.org/rxjs/-/rxjs-7.8.1.tgz",
      "integrity": "sha512-AA3TVj+0A2iuIoQkWEK/tqFjBq2j+6PO6Y0zJcvzLAFhEFIO3HL0vls9hWLncZbAAbK0mar7oZ4V079I/qPMxg==",
      "peer": true,
      "dependencies": {
        "tslib": "^2.1.0"
      }
    },
    "node_modules/tslib": {
      "version": "2.6.2",
      "resolved": "https://registry.npmjs.org/tslib/-/tslib-2.6.2.tgz",
      "integrity": "sha512-AEYxH93jGFPn/a2iVAwW87VuUIkR1FVUKB77NwMF7nBTDkDrrT/Hpt/IrCJ0QXhW27jTBDcf5ZY7w6RiqTMw2Q=="
    },
    "node_modules/zone.js": {
      "version": "0.14.6",
      "resolved": "https://registry.npmjs.org/zone.js/-/zone.js-0.14.6.tgz",
      "integrity": "sha512-vyRNFqofdaHVdWAy7v3Bzmn84a1JHWSjpuTZROT/uYn8I3p2cmo7Ro9twFmYRQDPhiYOV7QLk0hhY4JJQVqS6Q==",
      "peer": true
    }
  }
}
